// !$*UTF8*$!
{
	archiveVersion = 1;
	classes = {
	};
	objectVersion = 51;
	objects = {

/* Begin PBXBuildFile section */
		1614BCC77C3587A5A8B0C3A6 /* Pods_FriendLancer.framework in Frameworks */ = {isa = PBXBuildFile; fileRef = 2F246FAE97693BF037C192FA /* Pods_FriendLancer.framework */; };
		3D00E5CA23C866480050CA49 /* Post.swift in Sources */ = {isa = PBXBuildFile; fileRef = 3D00E5C923C866480050CA49 /* Post.swift */; };
		3D00E5CC23C8680E0050CA49 /* ForumPostViewController.swift in Sources */ = {isa = PBXBuildFile; fileRef = 3D00E5CB23C8680E0050CA49 /* ForumPostViewController.swift */; };
		3D00E5CE23C89F040050CA49 /* FirebaseStorage.swift in Sources */ = {isa = PBXBuildFile; fileRef = 3D00E5CD23C89F040050CA49 /* FirebaseStorage.swift */; };
		3D01F62823BF528600955EAA /* Model.swift in Sources */ = {isa = PBXBuildFile; fileRef = 3D01F62723BF528600955EAA /* Model.swift */; };
		3D01F62A23BF52E500955EAA /* ModelFirebase.swift in Sources */ = {isa = PBXBuildFile; fileRef = 3D01F62923BF52E500955EAA /* ModelFirebase.swift */; };
		3D01F62C23BF537800955EAA /* Forum.swift in Sources */ = {isa = PBXBuildFile; fileRef = 3D01F62B23BF537800955EAA /* Forum.swift */; };
		3D01F62E23BF5B7F00955EAA /* NewForumViewController.swift in Sources */ = {isa = PBXBuildFile; fileRef = 3D01F62D23BF5B7F00955EAA /* NewForumViewController.swift */; };
		3D02E3A923CB381000D71471 /* CommentsTableViewController.swift in Sources */ = {isa = PBXBuildFile; fileRef = 3D02E3A823CB381000D71471 /* CommentsTableViewController.swift */; };
		3D02E3AB23CB382A00D71471 /* CommentCell.swift in Sources */ = {isa = PBXBuildFile; fileRef = 3D02E3AA23CB382A00D71471 /* CommentCell.swift */; };
		3D02E3AD23CB38E100D71471 /* NewCommentViewController.swift in Sources */ = {isa = PBXBuildFile; fileRef = 3D02E3AC23CB38E100D71471 /* NewCommentViewController.swift */; };
		3D02E3AF23CB3ACB00D71471 /* EditCommentViewController.swift in Sources */ = {isa = PBXBuildFile; fileRef = 3D02E3AE23CB3ACB00D71471 /* EditCommentViewController.swift */; };
		3D02E3B123CB3E2300D71471 /* Comment.swift in Sources */ = {isa = PBXBuildFile; fileRef = 3D02E3B023CB3E2300D71471 /* Comment.swift */; };
		3D02E3B323CB654A00D71471 /* EditPostViewController.swift in Sources */ = {isa = PBXBuildFile; fileRef = 3D02E3B223CB654A00D71471 /* EditPostViewController.swift */; };
		3D02E3B523CB768900D71471 /* MeetPlaceTypeCell.swift in Sources */ = {isa = PBXBuildFile; fileRef = 3D02E3B423CB768900D71471 /* MeetPlaceTypeCell.swift */; };
		3D02E3B723CB77E000D71471 /* MeetPlacesTypesTableViewController.swift in Sources */ = {isa = PBXBuildFile; fileRef = 3D02E3B623CB77E000D71471 /* MeetPlacesTypesTableViewController.swift */; };
		3D02E3B923CB784100D71471 /* MeetPlaceType.swift in Sources */ = {isa = PBXBuildFile; fileRef = 3D02E3B823CB784100D71471 /* MeetPlaceType.swift */; };
		3D02E3BB23CB78D100D71471 /* MeetPlace.swift in Sources */ = {isa = PBXBuildFile; fileRef = 3D02E3BA23CB78D100D71471 /* MeetPlace.swift */; };
		3D02E3BD23CB7F5D00D71471 /* NewMeetPlaceTypeViewController.swift in Sources */ = {isa = PBXBuildFile; fileRef = 3D02E3BC23CB7F5D00D71471 /* NewMeetPlaceTypeViewController.swift */; };
		3D02E3BF23CB856600D71471 /* MeetPlaceCell.swift in Sources */ = {isa = PBXBuildFile; fileRef = 3D02E3BE23CB856600D71471 /* MeetPlaceCell.swift */; };
		3D02E3C123CB893000D71471 /* NewMeetPlaceViewController.swift in Sources */ = {isa = PBXBuildFile; fileRef = 3D02E3C023CB893000D71471 /* NewMeetPlaceViewController.swift */; };
		3D03298723C5D86D004522CA /* NewPostViewController.swift in Sources */ = {isa = PBXBuildFile; fileRef = 3D03298623C5D86D004522CA /* NewPostViewController.swift */; };
		3DF85BE123C391C0006296AC /* ForumsForTopicTableViewController.swift in Sources */ = {isa = PBXBuildFile; fileRef = 3DF85BE023C391C0006296AC /* ForumsForTopicTableViewController.swift */; };
		3DF85BE323C39261006296AC /* ForumPostCell.swift in Sources */ = {isa = PBXBuildFile; fileRef = 3DF85BE223C39261006296AC /* ForumPostCell.swift */; };
		3DF9073323BF2B6B00D24A6B /* AppDelegate.swift in Sources */ = {isa = PBXBuildFile; fileRef = 3DF9073223BF2B6B00D24A6B /* AppDelegate.swift */; };
		3DF9073523BF2B6B00D24A6B /* SceneDelegate.swift in Sources */ = {isa = PBXBuildFile; fileRef = 3DF9073423BF2B6B00D24A6B /* SceneDelegate.swift */; };
		3DF9073723BF2B6B00D24A6B /* ViewController.swift in Sources */ = {isa = PBXBuildFile; fileRef = 3DF9073623BF2B6B00D24A6B /* ViewController.swift */; };
		3DF9073A23BF2B6B00D24A6B /* Main.storyboard in Resources */ = {isa = PBXBuildFile; fileRef = 3DF9073823BF2B6B00D24A6B /* Main.storyboard */; };
		3DF9073C23BF2B6C00D24A6B /* Assets.xcassets in Resources */ = {isa = PBXBuildFile; fileRef = 3DF9073B23BF2B6C00D24A6B /* Assets.xcassets */; };
		3DF9073F23BF2B6C00D24A6B /* LaunchScreen.storyboard in Resources */ = {isa = PBXBuildFile; fileRef = 3DF9073D23BF2B6C00D24A6B /* LaunchScreen.storyboard */; };
		3DF9074923BF388800D24A6B /* MyZoneViewController.swift in Sources */ = {isa = PBXBuildFile; fileRef = 3DF9074823BF388800D24A6B /* MyZoneViewController.swift */; };
		3DF9074B23BF39B800D24A6B /* ForumsTableViewController.swift in Sources */ = {isa = PBXBuildFile; fileRef = 3DF9074A23BF39B800D24A6B /* ForumsTableViewController.swift */; };
		3DF9074D23BF3A5700D24A6B /* MeetPlaceTableViewController.swift in Sources */ = {isa = PBXBuildFile; fileRef = 3DF9074C23BF3A5700D24A6B /* MeetPlaceTableViewController.swift */; };
		3DF9074F23BF3E9000D24A6B /* ForumTopicsCell.swift in Sources */ = {isa = PBXBuildFile; fileRef = 3DF9074E23BF3E9000D24A6B /* ForumTopicsCell.swift */; };
		3DF9075423BF428300D24A6B /* GoogleService-Info.plist in Resources */ = {isa = PBXBuildFile; fileRef = 3DF9075323BF428300D24A6B /* GoogleService-Info.plist */; };
		5F8E5B5323D19F53002A1991 /* EditMyZoneViewController.swift in Sources */ = {isa = PBXBuildFile; fileRef = 5F8E5B5223D19F53002A1991 /* EditMyZoneViewController.swift */; };
		5FACD4F823CF451D00806C45 /* User.swift in Sources */ = {isa = PBXBuildFile; fileRef = 5FACD4F723CF451D00806C45 /* User.swift */; };
		5FC90F6723D321F500930FCF /* libsqlite3.0.tbd in Frameworks */ = {isa = PBXBuildFile; fileRef = 5FC90F6623D321EB00930FCF /* libsqlite3.0.tbd */; };
		5FC90F6923D3221A00930FCF /* ModelSql.swift in Sources */ = {isa = PBXBuildFile; fileRef = 5FC90F6823D3221A00930FCF /* ModelSql.swift */; };
		5FDFC9E923CF385800AF433F /* RegisterViewController.swift in Sources */ = {isa = PBXBuildFile; fileRef = 5FDFC9E823CF385800AF433F /* RegisterViewController.swift */; };
		5FE7417923CF1CD10032BFD1 /* LoginViewController.swift in Sources */ = {isa = PBXBuildFile; fileRef = 5FE7417823CF1CD10032BFD1 /* LoginViewController.swift */; };
		5FE7417B23CF243D0032BFD1 /* WebKit.framework in Frameworks */ = {isa = PBXBuildFile; fileRef = 5FE7417A23CF243D0032BFD1 /* WebKit.framework */; };
/* End PBXBuildFile section */

/* Begin PBXFileReference section */
		2F246FAE97693BF037C192FA /* Pods_FriendLancer.framework */ = {isa = PBXFileReference; explicitFileType = wrapper.framework; includeInIndex = 0; path = Pods_FriendLancer.framework; sourceTree = BUILT_PRODUCTS_DIR; };
		3D00E5C923C866480050CA49 /* Post.swift */ = {isa = PBXFileReference; lastKnownFileType = sourcecode.swift; path = Post.swift; sourceTree = "<group>"; };
		3D00E5CB23C8680E0050CA49 /* ForumPostViewController.swift */ = {isa = PBXFileReference; lastKnownFileType = sourcecode.swift; path = ForumPostViewController.swift; sourceTree = "<group>"; };
		3D00E5CD23C89F040050CA49 /* FirebaseStorage.swift */ = {isa = PBXFileReference; lastKnownFileType = sourcecode.swift; path = FirebaseStorage.swift; sourceTree = "<group>"; };
		3D01F62723BF528600955EAA /* Model.swift */ = {isa = PBXFileReference; lastKnownFileType = sourcecode.swift; path = Model.swift; sourceTree = "<group>"; };
		3D01F62923BF52E500955EAA /* ModelFirebase.swift */ = {isa = PBXFileReference; lastKnownFileType = sourcecode.swift; path = ModelFirebase.swift; sourceTree = "<group>"; };
		3D01F62B23BF537800955EAA /* Forum.swift */ = {isa = PBXFileReference; lastKnownFileType = sourcecode.swift; path = Forum.swift; sourceTree = "<group>"; };
		3D01F62D23BF5B7F00955EAA /* NewForumViewController.swift */ = {isa = PBXFileReference; lastKnownFileType = sourcecode.swift; path = NewForumViewController.swift; sourceTree = "<group>"; };
		3D02E3A823CB381000D71471 /* CommentsTableViewController.swift */ = {isa = PBXFileReference; lastKnownFileType = sourcecode.swift; path = CommentsTableViewController.swift; sourceTree = "<group>"; };
		3D02E3AA23CB382A00D71471 /* CommentCell.swift */ = {isa = PBXFileReference; lastKnownFileType = sourcecode.swift; path = CommentCell.swift; sourceTree = "<group>"; };
		3D02E3AC23CB38E100D71471 /* NewCommentViewController.swift */ = {isa = PBXFileReference; lastKnownFileType = sourcecode.swift; path = NewCommentViewController.swift; sourceTree = "<group>"; };
		3D02E3AE23CB3ACB00D71471 /* EditCommentViewController.swift */ = {isa = PBXFileReference; lastKnownFileType = sourcecode.swift; path = EditCommentViewController.swift; sourceTree = "<group>"; };
		3D02E3B023CB3E2300D71471 /* Comment.swift */ = {isa = PBXFileReference; lastKnownFileType = sourcecode.swift; path = Comment.swift; sourceTree = "<group>"; };
		3D02E3B223CB654A00D71471 /* EditPostViewController.swift */ = {isa = PBXFileReference; lastKnownFileType = sourcecode.swift; path = EditPostViewController.swift; sourceTree = "<group>"; };
		3D02E3B423CB768900D71471 /* MeetPlaceTypeCell.swift */ = {isa = PBXFileReference; lastKnownFileType = sourcecode.swift; path = MeetPlaceTypeCell.swift; sourceTree = "<group>"; };
		3D02E3B623CB77E000D71471 /* MeetPlacesTypesTableViewController.swift */ = {isa = PBXFileReference; lastKnownFileType = sourcecode.swift; path = MeetPlacesTypesTableViewController.swift; sourceTree = "<group>"; };
		3D02E3B823CB784100D71471 /* MeetPlaceType.swift */ = {isa = PBXFileReference; lastKnownFileType = sourcecode.swift; path = MeetPlaceType.swift; sourceTree = "<group>"; };
		3D02E3BA23CB78D100D71471 /* MeetPlace.swift */ = {isa = PBXFileReference; lastKnownFileType = sourcecode.swift; path = MeetPlace.swift; sourceTree = "<group>"; };
		3D02E3BC23CB7F5D00D71471 /* NewMeetPlaceTypeViewController.swift */ = {isa = PBXFileReference; lastKnownFileType = sourcecode.swift; path = NewMeetPlaceTypeViewController.swift; sourceTree = "<group>"; };
		3D02E3BE23CB856600D71471 /* MeetPlaceCell.swift */ = {isa = PBXFileReference; lastKnownFileType = sourcecode.swift; path = MeetPlaceCell.swift; sourceTree = "<group>"; };
		3D02E3C023CB893000D71471 /* NewMeetPlaceViewController.swift */ = {isa = PBXFileReference; lastKnownFileType = sourcecode.swift; path = NewMeetPlaceViewController.swift; sourceTree = "<group>"; };
		3D03298623C5D86D004522CA /* NewPostViewController.swift */ = {isa = PBXFileReference; lastKnownFileType = sourcecode.swift; path = NewPostViewController.swift; sourceTree = "<group>"; };
		3DF85BE023C391C0006296AC /* ForumsForTopicTableViewController.swift */ = {isa = PBXFileReference; lastKnownFileType = sourcecode.swift; path = ForumsForTopicTableViewController.swift; sourceTree = "<group>"; };
		3DF85BE223C39261006296AC /* ForumPostCell.swift */ = {isa = PBXFileReference; lastKnownFileType = sourcecode.swift; path = ForumPostCell.swift; sourceTree = "<group>"; };
		3DF9072F23BF2B6B00D24A6B /* FriendLancer.app */ = {isa = PBXFileReference; explicitFileType = wrapper.application; includeInIndex = 0; path = FriendLancer.app; sourceTree = BUILT_PRODUCTS_DIR; };
		3DF9073223BF2B6B00D24A6B /* AppDelegate.swift */ = {isa = PBXFileReference; lastKnownFileType = sourcecode.swift; path = AppDelegate.swift; sourceTree = "<group>"; };
		3DF9073423BF2B6B00D24A6B /* SceneDelegate.swift */ = {isa = PBXFileReference; lastKnownFileType = sourcecode.swift; path = SceneDelegate.swift; sourceTree = "<group>"; };
		3DF9073623BF2B6B00D24A6B /* ViewController.swift */ = {isa = PBXFileReference; lastKnownFileType = sourcecode.swift; path = ViewController.swift; sourceTree = "<group>"; };
		3DF9073923BF2B6B00D24A6B /* Base */ = {isa = PBXFileReference; lastKnownFileType = file.storyboard; name = Base; path = Base.lproj/Main.storyboard; sourceTree = "<group>"; };
		3DF9073B23BF2B6C00D24A6B /* Assets.xcassets */ = {isa = PBXFileReference; lastKnownFileType = folder.assetcatalog; path = Assets.xcassets; sourceTree = "<group>"; };
		3DF9073E23BF2B6C00D24A6B /* Base */ = {isa = PBXFileReference; lastKnownFileType = file.storyboard; name = Base; path = Base.lproj/LaunchScreen.storyboard; sourceTree = "<group>"; };
		3DF9074023BF2B6C00D24A6B /* Info.plist */ = {isa = PBXFileReference; lastKnownFileType = text.plist.xml; path = Info.plist; sourceTree = "<group>"; };
		3DF9074823BF388800D24A6B /* MyZoneViewController.swift */ = {isa = PBXFileReference; lastKnownFileType = sourcecode.swift; path = MyZoneViewController.swift; sourceTree = "<group>"; };
		3DF9074A23BF39B800D24A6B /* ForumsTableViewController.swift */ = {isa = PBXFileReference; lastKnownFileType = sourcecode.swift; path = ForumsTableViewController.swift; sourceTree = "<group>"; };
		3DF9074C23BF3A5700D24A6B /* MeetPlaceTableViewController.swift */ = {isa = PBXFileReference; lastKnownFileType = sourcecode.swift; path = MeetPlaceTableViewController.swift; sourceTree = "<group>"; };
		3DF9074E23BF3E9000D24A6B /* ForumTopicsCell.swift */ = {isa = PBXFileReference; lastKnownFileType = sourcecode.swift; path = ForumTopicsCell.swift; sourceTree = "<group>"; };
		3DF9075323BF428300D24A6B /* GoogleService-Info.plist */ = {isa = PBXFileReference; fileEncoding = 4; lastKnownFileType = text.plist.xml; path = "GoogleService-Info.plist"; sourceTree = "<group>"; };
		5F8E5B5223D19F53002A1991 /* EditMyZoneViewController.swift */ = {isa = PBXFileReference; lastKnownFileType = sourcecode.swift; path = EditMyZoneViewController.swift; sourceTree = "<group>"; };
		5FACD4F723CF451D00806C45 /* User.swift */ = {isa = PBXFileReference; lastKnownFileType = sourcecode.swift; path = User.swift; sourceTree = "<group>"; };
		5FC90F6623D321EB00930FCF /* libsqlite3.0.tbd */ = {isa = PBXFileReference; lastKnownFileType = "sourcecode.text-based-dylib-definition"; name = libsqlite3.0.tbd; path = usr/lib/libsqlite3.0.tbd; sourceTree = SDKROOT; };
		5FC90F6823D3221A00930FCF /* ModelSql.swift */ = {isa = PBXFileReference; lastKnownFileType = sourcecode.swift; path = ModelSql.swift; sourceTree = "<group>"; };
		5FC90F6A23D3246B00930FCF /* FriendLancer-Bridging-Header.h */ = {isa = PBXFileReference; lastKnownFileType = sourcecode.c.h; path = "FriendLancer-Bridging-Header.h"; sourceTree = "<group>"; };
		5FDFC9E823CF385800AF433F /* RegisterViewController.swift */ = {isa = PBXFileReference; lastKnownFileType = sourcecode.swift; path = RegisterViewController.swift; sourceTree = "<group>"; };
		5FE7417823CF1CD10032BFD1 /* LoginViewController.swift */ = {isa = PBXFileReference; lastKnownFileType = sourcecode.swift; path = LoginViewController.swift; sourceTree = "<group>"; };
		5FE7417A23CF243D0032BFD1 /* WebKit.framework */ = {isa = PBXFileReference; lastKnownFileType = wrapper.framework; name = WebKit.framework; path = System/Library/Frameworks/WebKit.framework; sourceTree = SDKROOT; };
		EB6EB9FDA21F809B594C3201 /* Pods-FriendLancer.release.xcconfig */ = {isa = PBXFileReference; includeInIndex = 1; lastKnownFileType = text.xcconfig; name = "Pods-FriendLancer.release.xcconfig"; path = "Target Support Files/Pods-FriendLancer/Pods-FriendLancer.release.xcconfig"; sourceTree = "<group>"; };
		FF799659AD8E28092A415C3F /* Pods-FriendLancer.debug.xcconfig */ = {isa = PBXFileReference; includeInIndex = 1; lastKnownFileType = text.xcconfig; name = "Pods-FriendLancer.debug.xcconfig"; path = "Target Support Files/Pods-FriendLancer/Pods-FriendLancer.debug.xcconfig"; sourceTree = "<group>"; };
/* End PBXFileReference section */

/* Begin PBXFrameworksBuildPhase section */
		3DF9072C23BF2B6B00D24A6B /* Frameworks */ = {
			isa = PBXFrameworksBuildPhase;
			buildActionMask = 2147483647;
			files = (
				5FE7417B23CF243D0032BFD1 /* WebKit.framework in Frameworks */,
				1614BCC77C3587A5A8B0C3A6 /* Pods_FriendLancer.framework in Frameworks */,
				5FC90F6723D321F500930FCF /* libsqlite3.0.tbd in Frameworks */,
			);
			runOnlyForDeploymentPostprocessing = 0;
		};
/* End PBXFrameworksBuildPhase section */

/* Begin PBXGroup section */
		04FF7F69794D8EEC2F80A479 /* Frameworks */ = {
			isa = PBXGroup;
			children = (
				5FC90F6623D321EB00930FCF /* libsqlite3.0.tbd */,
				5FE7417A23CF243D0032BFD1 /* WebKit.framework */,
				2F246FAE97693BF037C192FA /* Pods_FriendLancer.framework */,
			);
			name = Frameworks;
			sourceTree = "<group>";
		};
		3D01F62623BF525B00955EAA /* Model */ = {
			isa = PBXGroup;
			children = (
				3D01F62723BF528600955EAA /* Model.swift */,
				3D01F62923BF52E500955EAA /* ModelFirebase.swift */,
				3D01F62B23BF537800955EAA /* Forum.swift */,
				3D00E5C923C866480050CA49 /* Post.swift */,
				3D00E5CD23C89F040050CA49 /* FirebaseStorage.swift */,
				3D02E3B023CB3E2300D71471 /* Comment.swift */,
				3D02E3B823CB784100D71471 /* MeetPlaceType.swift */,
				3D02E3BA23CB78D100D71471 /* MeetPlace.swift */,
				5FACD4F723CF451D00806C45 /* User.swift */,
				5FC90F6823D3221A00930FCF /* ModelSql.swift */,
			);
			path = Model;
			sourceTree = "<group>";
		};
		3D02E3A723CB37F000D71471 /* Comments */ = {
			isa = PBXGroup;
			children = (
				3D02E3A823CB381000D71471 /* CommentsTableViewController.swift */,
				3D02E3AA23CB382A00D71471 /* CommentCell.swift */,
				3D02E3AC23CB38E100D71471 /* NewCommentViewController.swift */,
				3D02E3AE23CB3ACB00D71471 /* EditCommentViewController.swift */,
			);
			path = Comments;
			sourceTree = "<group>";
		};
		3D03298523C5D848004522CA /* Posts */ = {
			isa = PBXGroup;
			children = (
				3DF85BE223C39261006296AC /* ForumPostCell.swift */,
				3DF85BE023C391C0006296AC /* ForumsForTopicTableViewController.swift */,
				3D03298623C5D86D004522CA /* NewPostViewController.swift */,
				3D00E5CB23C8680E0050CA49 /* ForumPostViewController.swift */,
				3D02E3B223CB654A00D71471 /* EditPostViewController.swift */,
			);
			path = Posts;
			sourceTree = "<group>";
		};
		3DF9072623BF2B6B00D24A6B = {
			isa = PBXGroup;
			children = (
				3DF9073123BF2B6B00D24A6B /* FriendLancer */,
				D1B580C78679E5A24E142FA5 /* Pods */,
				04FF7F69794D8EEC2F80A479 /* Frameworks */,
			);
			sourceTree = "<group>";
		};
		3DF9073023BF2B6B00D24A6B /* Products */ = {
			isa = PBXGroup;
			children = (
				3DF9072F23BF2B6B00D24A6B /* FriendLancer.app */,
			);
			name = Products;
			path = ..;
			sourceTree = "<group>";
		};
		3DF9073123BF2B6B00D24A6B /* FriendLancer */ = {
			isa = PBXGroup;
			children = (
				5FDFC9E723CF383800AF433F /* Users */,
				3D02E3A723CB37F000D71471 /* Comments */,
				3D03298523C5D848004522CA /* Posts */,
				3D01F62623BF525B00955EAA /* Model */,
				3DF9075323BF428300D24A6B /* GoogleService-Info.plist */,
				3DF9075223BF40E300D24A6B /* MeetPlaces */,
				3DF9075123BF40D400D24A6B /* MyZone */,
				3DF9075023BF40BD00D24A6B /* Forums */,
				3DF9073223BF2B6B00D24A6B /* AppDelegate.swift */,
				3DF9073423BF2B6B00D24A6B /* SceneDelegate.swift */,
				3DF9073623BF2B6B00D24A6B /* ViewController.swift */,
				3DF9073823BF2B6B00D24A6B /* Main.storyboard */,
				3DF9073B23BF2B6C00D24A6B /* Assets.xcassets */,
				3DF9073D23BF2B6C00D24A6B /* LaunchScreen.storyboard */,
				3DF9074023BF2B6C00D24A6B /* Info.plist */,
				3DF9073023BF2B6B00D24A6B /* Products */,
				5FC90F6A23D3246B00930FCF /* FriendLancer-Bridging-Header.h */,
			);
			path = FriendLancer;
			sourceTree = "<group>";
		};
		3DF9075023BF40BD00D24A6B /* Forums */ = {
			isa = PBXGroup;
			children = (
				3DF9074E23BF3E9000D24A6B /* ForumTopicsCell.swift */,
				3DF9074A23BF39B800D24A6B /* ForumsTableViewController.swift */,
				3D01F62D23BF5B7F00955EAA /* NewForumViewController.swift */,
			);
			path = Forums;
			sourceTree = "<group>";
		};
		3DF9075123BF40D400D24A6B /* MyZone */ = {
			isa = PBXGroup;
			children = (
				3DF9074823BF388800D24A6B /* MyZoneViewController.swift */,
				5F8E5B5223D19F53002A1991 /* EditMyZoneViewController.swift */,
			);
			path = MyZone;
			sourceTree = "<group>";
		};
		3DF9075223BF40E300D24A6B /* MeetPlaces */ = {
			isa = PBXGroup;
			children = (
				3DF9074C23BF3A5700D24A6B /* MeetPlaceTableViewController.swift */,
				3D02E3B423CB768900D71471 /* MeetPlaceTypeCell.swift */,
				3D02E3B623CB77E000D71471 /* MeetPlacesTypesTableViewController.swift */,
				3D02E3BC23CB7F5D00D71471 /* NewMeetPlaceTypeViewController.swift */,
				3D02E3BE23CB856600D71471 /* MeetPlaceCell.swift */,
				3D02E3C023CB893000D71471 /* NewMeetPlaceViewController.swift */,
			);
			path = MeetPlaces;
			sourceTree = "<group>";
		};
		5FDFC9E723CF383800AF433F /* Users */ = {
			isa = PBXGroup;
			children = (
				5FE7417823CF1CD10032BFD1 /* LoginViewController.swift */,
				5FDFC9E823CF385800AF433F /* RegisterViewController.swift */,
			);
			path = Users;
			sourceTree = "<group>";
		};
		D1B580C78679E5A24E142FA5 /* Pods */ = {
			isa = PBXGroup;
			children = (
				FF799659AD8E28092A415C3F /* Pods-FriendLancer.debug.xcconfig */,
				EB6EB9FDA21F809B594C3201 /* Pods-FriendLancer.release.xcconfig */,
			);
			path = Pods;
			sourceTree = "<group>";
		};
/* End PBXGroup section */

/* Begin PBXNativeTarget section */
		3DF9072E23BF2B6B00D24A6B /* FriendLancer */ = {
			isa = PBXNativeTarget;
			buildConfigurationList = 3DF9074323BF2B6C00D24A6B /* Build configuration list for PBXNativeTarget "FriendLancer" */;
			buildPhases = (
				B26252E48B022A874B6A60E1 /* [CP] Check Pods Manifest.lock */,
				3DF9072B23BF2B6B00D24A6B /* Sources */,
				3DF9072C23BF2B6B00D24A6B /* Frameworks */,
				3DF9072D23BF2B6B00D24A6B /* Resources */,
				53B3CC09553514B8114735B8 /* [CP] Embed Pods Frameworks */,
			);
			buildRules = (
			);
			dependencies = (
			);
			name = FriendLancer;
			productName = FriendLancer;
			productReference = 3DF9072F23BF2B6B00D24A6B /* FriendLancer.app */;
			productType = "com.apple.product-type.application";
		};
/* End PBXNativeTarget section */

/* Begin PBXProject section */
		3DF9072723BF2B6B00D24A6B /* Project object */ = {
			isa = PBXProject;
			attributes = {
				LastSwiftUpdateCheck = 1120;
				LastUpgradeCheck = 1120;
				ORGANIZATIONNAME = "Nitzan & Inbar";
				TargetAttributes = {
					3DF9072E23BF2B6B00D24A6B = {
						CreatedOnToolsVersion = 11.2;
						LastSwiftMigration = 1130;
					};
				};
			};
			buildConfigurationList = 3DF9072A23BF2B6B00D24A6B /* Build configuration list for PBXProject "FriendLancer" */;
			compatibilityVersion = "Xcode 9.3";
			developmentRegion = en;
			hasScannedForEncodings = 0;
			knownRegions = (
				en,
				Base,
			);
			mainGroup = 3DF9072623BF2B6B00D24A6B;
			productRefGroup = 3DF9073023BF2B6B00D24A6B /* Products */;
			projectDirPath = "";
			projectRoot = "";
			targets = (
				3DF9072E23BF2B6B00D24A6B /* FriendLancer */,
			);
		};
/* End PBXProject section */

/* Begin PBXResourcesBuildPhase section */
		3DF9072D23BF2B6B00D24A6B /* Resources */ = {
			isa = PBXResourcesBuildPhase;
			buildActionMask = 2147483647;
			files = (
				3DF9073F23BF2B6C00D24A6B /* LaunchScreen.storyboard in Resources */,
				3DF9075423BF428300D24A6B /* GoogleService-Info.plist in Resources */,
				3DF9073C23BF2B6C00D24A6B /* Assets.xcassets in Resources */,
				3DF9073A23BF2B6B00D24A6B /* Main.storyboard in Resources */,
			);
			runOnlyForDeploymentPostprocessing = 0;
		};
/* End PBXResourcesBuildPhase section */

/* Begin PBXShellScriptBuildPhase section */
		53B3CC09553514B8114735B8 /* [CP] Embed Pods Frameworks */ = {
			isa = PBXShellScriptBuildPhase;
			buildActionMask = 2147483647;
			files = (
			);
			inputFileListPaths = (
				"${PODS_ROOT}/Target Support Files/Pods-FriendLancer/Pods-FriendLancer-frameworks-${CONFIGURATION}-input-files.xcfilelist",
			);
			name = "[CP] Embed Pods Frameworks";
			outputFileListPaths = (
				"${PODS_ROOT}/Target Support Files/Pods-FriendLancer/Pods-FriendLancer-frameworks-${CONFIGURATION}-output-files.xcfilelist",
			);
			runOnlyForDeploymentPostprocessing = 0;
			shellPath = /bin/sh;
			shellScript = "\"${PODS_ROOT}/Target Support Files/Pods-FriendLancer/Pods-FriendLancer-frameworks.sh\"\n";
			showEnvVarsInLog = 0;
		};
		B26252E48B022A874B6A60E1 /* [CP] Check Pods Manifest.lock */ = {
			isa = PBXShellScriptBuildPhase;
			buildActionMask = 2147483647;
			files = (
			);
			inputFileListPaths = (
			);
			inputPaths = (
				"${PODS_PODFILE_DIR_PATH}/Podfile.lock",
				"${PODS_ROOT}/Manifest.lock",
			);
			name = "[CP] Check Pods Manifest.lock";
			outputFileListPaths = (
			);
			outputPaths = (
				"$(DERIVED_FILE_DIR)/Pods-FriendLancer-checkManifestLockResult.txt",
			);
			runOnlyForDeploymentPostprocessing = 0;
			shellPath = /bin/sh;
			shellScript = "diff \"${PODS_PODFILE_DIR_PATH}/Podfile.lock\" \"${PODS_ROOT}/Manifest.lock\" > /dev/null\nif [ $? != 0 ] ; then\n    # print error to STDERR\n    echo \"error: The sandbox is not in sync with the Podfile.lock. Run 'pod install' or update your CocoaPods installation.\" >&2\n    exit 1\nfi\n# This output is used by Xcode 'outputs' to avoid re-running this script phase.\necho \"SUCCESS\" > \"${SCRIPT_OUTPUT_FILE_0}\"\n";
			showEnvVarsInLog = 0;
		};
/* End PBXShellScriptBuildPhase section */

/* Begin PBXSourcesBuildPhase section */
		3DF9072B23BF2B6B00D24A6B /* Sources */ = {
			isa = PBXSourcesBuildPhase;
			buildActionMask = 2147483647;
			files = (
				3D02E3B923CB784100D71471 /* MeetPlaceType.swift in Sources */,
				3D02E3AB23CB382A00D71471 /* CommentCell.swift in Sources */,
				5FC90F6923D3221A00930FCF /* ModelSql.swift in Sources */,
				3D02E3BB23CB78D100D71471 /* MeetPlace.swift in Sources */,
				3DF9074B23BF39B800D24A6B /* ForumsTableViewController.swift in Sources */,
				3D02E3AF23CB3ACB00D71471 /* EditCommentViewController.swift in Sources */,
				3DF9074F23BF3E9000D24A6B /* ForumTopicsCell.swift in Sources */,
				3D01F62E23BF5B7F00955EAA /* NewForumViewController.swift in Sources */,
				3D02E3B323CB654A00D71471 /* EditPostViewController.swift in Sources */,
				3D02E3BD23CB7F5D00D71471 /* NewMeetPlaceTypeViewController.swift in Sources */,
				3DF9073723BF2B6B00D24A6B /* ViewController.swift in Sources */,
				3DF9074D23BF3A5700D24A6B /* MeetPlaceTableViewController.swift in Sources */,
				3DF9073323BF2B6B00D24A6B /* AppDelegate.swift in Sources */,
				3DF9074923BF388800D24A6B /* MyZoneViewController.swift in Sources */,
				5FE7417923CF1CD10032BFD1 /* LoginViewController.swift in Sources */,
				3D02E3B123CB3E2300D71471 /* Comment.swift in Sources */,
				3DF85BE323C39261006296AC /* ForumPostCell.swift in Sources */,
				3D02E3C123CB893000D71471 /* NewMeetPlaceViewController.swift in Sources */,
				3D02E3AD23CB38E100D71471 /* NewCommentViewController.swift in Sources */,
				3D00E5CC23C8680E0050CA49 /* ForumPostViewController.swift in Sources */,
				3DF85BE123C391C0006296AC /* ForumsForTopicTableViewController.swift in Sources */,
				3D00E5CA23C866480050CA49 /* Post.swift in Sources */,
				3D02E3B723CB77E000D71471 /* MeetPlacesTypesTableViewController.swift in Sources */,
				3D02E3B523CB768900D71471 /* MeetPlaceTypeCell.swift in Sources */,
				3DF9073523BF2B6B00D24A6B /* SceneDelegate.swift in Sources */,
				3D02E3BF23CB856600D71471 /* MeetPlaceCell.swift in Sources */,
				3D01F62A23BF52E500955EAA /* ModelFirebase.swift in Sources */,
				3D01F62823BF528600955EAA /* Model.swift in Sources */,
				5FDFC9E923CF385800AF433F /* RegisterViewController.swift in Sources */,
				5F8E5B5323D19F53002A1991 /* EditMyZoneViewController.swift in Sources */,
				3D00E5CE23C89F040050CA49 /* FirebaseStorage.swift in Sources */,
				3D01F62C23BF537800955EAA /* Forum.swift in Sources */,
				3D03298723C5D86D004522CA /* NewPostViewController.swift in Sources */,
				3D02E3A923CB381000D71471 /* CommentsTableViewController.swift in Sources */,
				5FACD4F823CF451D00806C45 /* User.swift in Sources */,
			);
			runOnlyForDeploymentPostprocessing = 0;
		};
/* End PBXSourcesBuildPhase section */

/* Begin PBXVariantGroup section */
		3DF9073823BF2B6B00D24A6B /* Main.storyboard */ = {
			isa = PBXVariantGroup;
			children = (
				3DF9073923BF2B6B00D24A6B /* Base */,
			);
			name = Main.storyboard;
			sourceTree = "<group>";
		};
		3DF9073D23BF2B6C00D24A6B /* LaunchScreen.storyboard */ = {
			isa = PBXVariantGroup;
			children = (
				3DF9073E23BF2B6C00D24A6B /* Base */,
			);
			name = LaunchScreen.storyboard;
			sourceTree = "<group>";
		};
/* End PBXVariantGroup section */

/* Begin XCBuildConfiguration section */
		3DF9074123BF2B6C00D24A6B /* Debug */ = {
			isa = XCBuildConfiguration;
			buildSettings = {
				ALWAYS_SEARCH_USER_PATHS = NO;
				CLANG_ANALYZER_NONNULL = YES;
				CLANG_ANALYZER_NUMBER_OBJECT_CONVERSION = YES_AGGRESSIVE;
				CLANG_CXX_LANGUAGE_STANDARD = "gnu++14";
				CLANG_CXX_LIBRARY = "libc++";
				CLANG_ENABLE_MODULES = YES;
				CLANG_ENABLE_OBJC_ARC = YES;
				CLANG_ENABLE_OBJC_WEAK = YES;
				CLANG_WARN_BLOCK_CAPTURE_AUTORELEASING = YES;
				CLANG_WARN_BOOL_CONVERSION = YES;
				CLANG_WARN_COMMA = YES;
				CLANG_WARN_CONSTANT_CONVERSION = YES;
				CLANG_WARN_DEPRECATED_OBJC_IMPLEMENTATIONS = YES;
				CLANG_WARN_DIRECT_OBJC_ISA_USAGE = YES_ERROR;
				CLANG_WARN_DOCUMENTATION_COMMENTS = YES;
				CLANG_WARN_EMPTY_BODY = YES;
				CLANG_WARN_ENUM_CONVERSION = YES;
				CLANG_WARN_INFINITE_RECURSION = YES;
				CLANG_WARN_INT_CONVERSION = YES;
				CLANG_WARN_NON_LITERAL_NULL_CONVERSION = YES;
				CLANG_WARN_OBJC_IMPLICIT_RETAIN_SELF = YES;
				CLANG_WARN_OBJC_LITERAL_CONVERSION = YES;
				CLANG_WARN_OBJC_ROOT_CLASS = YES_ERROR;
				CLANG_WARN_RANGE_LOOP_ANALYSIS = YES;
				CLANG_WARN_STRICT_PROTOTYPES = YES;
				CLANG_WARN_SUSPICIOUS_MOVE = YES;
				CLANG_WARN_UNGUARDED_AVAILABILITY = YES_AGGRESSIVE;
				CLANG_WARN_UNREACHABLE_CODE = YES;
				CLANG_WARN__DUPLICATE_METHOD_MATCH = YES;
				COPY_PHASE_STRIP = NO;
				DEBUG_INFORMATION_FORMAT = dwarf;
				ENABLE_STRICT_OBJC_MSGSEND = YES;
				ENABLE_TESTABILITY = YES;
				GCC_C_LANGUAGE_STANDARD = gnu11;
				GCC_DYNAMIC_NO_PIC = NO;
				GCC_NO_COMMON_BLOCKS = YES;
				GCC_OPTIMIZATION_LEVEL = 0;
				GCC_PREPROCESSOR_DEFINITIONS = (
					"DEBUG=1",
					"$(inherited)",
				);
				GCC_WARN_64_TO_32_BIT_CONVERSION = YES;
				GCC_WARN_ABOUT_RETURN_TYPE = YES_ERROR;
				GCC_WARN_UNDECLARED_SELECTOR = YES;
				GCC_WARN_UNINITIALIZED_AUTOS = YES_AGGRESSIVE;
				GCC_WARN_UNUSED_FUNCTION = YES;
				GCC_WARN_UNUSED_VARIABLE = YES;
				IPHONEOS_DEPLOYMENT_TARGET = 13.0;
				MTL_ENABLE_DEBUG_INFO = INCLUDE_SOURCE;
				MTL_FAST_MATH = YES;
				ONLY_ACTIVE_ARCH = YES;
				SDKROOT = iphoneos;
				SWIFT_ACTIVE_COMPILATION_CONDITIONS = DEBUG;
				SWIFT_OPTIMIZATION_LEVEL = "-Onone";
			};
			name = Debug;
		};
		3DF9074223BF2B6C00D24A6B /* Release */ = {
			isa = XCBuildConfiguration;
			buildSettings = {
				ALWAYS_SEARCH_USER_PATHS = NO;
				CLANG_ANALYZER_NONNULL = YES;
				CLANG_ANALYZER_NUMBER_OBJECT_CONVERSION = YES_AGGRESSIVE;
				CLANG_CXX_LANGUAGE_STANDARD = "gnu++14";
				CLANG_CXX_LIBRARY = "libc++";
				CLANG_ENABLE_MODULES = YES;
				CLANG_ENABLE_OBJC_ARC = YES;
				CLANG_ENABLE_OBJC_WEAK = YES;
				CLANG_WARN_BLOCK_CAPTURE_AUTORELEASING = YES;
				CLANG_WARN_BOOL_CONVERSION = YES;
				CLANG_WARN_COMMA = YES;
				CLANG_WARN_CONSTANT_CONVERSION = YES;
				CLANG_WARN_DEPRECATED_OBJC_IMPLEMENTATIONS = YES;
				CLANG_WARN_DIRECT_OBJC_ISA_USAGE = YES_ERROR;
				CLANG_WARN_DOCUMENTATION_COMMENTS = YES;
				CLANG_WARN_EMPTY_BODY = YES;
				CLANG_WARN_ENUM_CONVERSION = YES;
				CLANG_WARN_INFINITE_RECURSION = YES;
				CLANG_WARN_INT_CONVERSION = YES;
				CLANG_WARN_NON_LITERAL_NULL_CONVERSION = YES;
				CLANG_WARN_OBJC_IMPLICIT_RETAIN_SELF = YES;
				CLANG_WARN_OBJC_LITERAL_CONVERSION = YES;
				CLANG_WARN_OBJC_ROOT_CLASS = YES_ERROR;
				CLANG_WARN_RANGE_LOOP_ANALYSIS = YES;
				CLANG_WARN_STRICT_PROTOTYPES = YES;
				CLANG_WARN_SUSPICIOUS_MOVE = YES;
				CLANG_WARN_UNGUARDED_AVAILABILITY = YES_AGGRESSIVE;
				CLANG_WARN_UNREACHABLE_CODE = YES;
				CLANG_WARN__DUPLICATE_METHOD_MATCH = YES;
				COPY_PHASE_STRIP = NO;
				DEBUG_INFORMATION_FORMAT = "dwarf-with-dsym";
				ENABLE_NS_ASSERTIONS = NO;
				ENABLE_STRICT_OBJC_MSGSEND = YES;
				GCC_C_LANGUAGE_STANDARD = gnu11;
				GCC_NO_COMMON_BLOCKS = YES;
				GCC_WARN_64_TO_32_BIT_CONVERSION = YES;
				GCC_WARN_ABOUT_RETURN_TYPE = YES_ERROR;
				GCC_WARN_UNDECLARED_SELECTOR = YES;
				GCC_WARN_UNINITIALIZED_AUTOS = YES_AGGRESSIVE;
				GCC_WARN_UNUSED_FUNCTION = YES;
				GCC_WARN_UNUSED_VARIABLE = YES;
				IPHONEOS_DEPLOYMENT_TARGET = 13.0;
				MTL_ENABLE_DEBUG_INFO = NO;
				MTL_FAST_MATH = YES;
				SDKROOT = iphoneos;
				SWIFT_COMPILATION_MODE = wholemodule;
				SWIFT_OPTIMIZATION_LEVEL = "-O";
				VALIDATE_PRODUCT = YES;
			};
			name = Release;
		};
		3DF9074423BF2B6C00D24A6B /* Debug */ = {
			isa = XCBuildConfiguration;
			baseConfigurationReference = FF799659AD8E28092A415C3F /* Pods-FriendLancer.debug.xcconfig */;
			buildSettings = {
				ASSETCATALOG_COMPILER_APPICON_NAME = AppIcon;
				CLANG_ENABLE_MODULES = YES;
				CODE_SIGN_STYLE = Automatic;
				INFOPLIST_FILE = FriendLancer/Info.plist;
				IPHONEOS_DEPLOYMENT_TARGET = 13.0;
				LD_RUNPATH_SEARCH_PATHS = (
					"$(inherited)",
					"@executable_path/Frameworks",
				);
				PRODUCT_BUNDLE_IDENTIFIER = "Nitzan-Inbar.FriendLancer";
				PRODUCT_NAME = "$(TARGET_NAME)";
				SWIFT_OBJC_BRIDGING_HEADER = "FriendLancer/FriendLancer-Bridging-Header.h";
				SWIFT_OPTIMIZATION_LEVEL = "-Onone";
				SWIFT_VERSION = 5.0;
				TARGETED_DEVICE_FAMILY = "1,2";
			};
			name = Debug;
		};
		3DF9074523BF2B6C00D24A6B /* Release */ = {
			isa = XCBuildConfiguration;
			baseConfigurationReference = EB6EB9FDA21F809B594C3201 /* Pods-FriendLancer.release.xcconfig */;
			buildSettings = {
				ASSETCATALOG_COMPILER_APPICON_NAME = AppIcon;
				CLANG_ENABLE_MODULES = YES;
				CODE_SIGN_STYLE = Automatic;
				INFOPLIST_FILE = FriendLancer/Info.plist;
				IPHONEOS_DEPLOYMENT_TARGET = 13.0;
				LD_RUNPATH_SEARCH_PATHS = (
					"$(inherited)",
					"@executable_path/Frameworks",
				);
				PRODUCT_BUNDLE_IDENTIFIER = "Nitzan-Inbar.FriendLancer";
				PRODUCT_NAME = "$(TARGET_NAME)";
				SWIFT_OBJC_BRIDGING_HEADER = "FriendLancer/FriendLancer-Bridging-Header.h";
				SWIFT_VERSION = 5.0;
				TARGETED_DEVICE_FAMILY = "1,2";
			};
			name = Release;
		};
/* End XCBuildConfiguration section */

/* Begin XCConfigurationList section */
		3DF9072A23BF2B6B00D24A6B /* Build configuration list for PBXProject "FriendLancer" */ = {
			isa = XCConfigurationList;
			buildConfigurations = (
				3DF9074123BF2B6C00D24A6B /* Debug */,
				3DF9074223BF2B6C00D24A6B /* Release */,
			);
			defaultConfigurationIsVisible = 0;
			defaultConfigurationName = Release;
		};
		3DF9074323BF2B6C00D24A6B /* Build configuration list for PBXNativeTarget "FriendLancer" */ = {
			isa = XCConfigurationList;
			buildConfigurations = (
				3DF9074423BF2B6C00D24A6B /* Debug */,
				3DF9074523BF2B6C00D24A6B /* Release */,
			);
			defaultConfigurationIsVisible = 0;
			defaultConfigurationName = Release;
		};
/* End XCConfigurationList section */
	};
	rootObject = 3DF9072723BF2B6B00D24A6B /* Project object */;
}
