// !$*UTF8*$!
{
	archiveVersion = 1;
	classes = {
	};
	objectVersion = 50;
	objects = {

/* Begin PBXBuildFile section */
		3D02746623BF25A10074FF92 /* AppDelegate.swift in Sources */ = {isa = PBXBuildFile; fileRef = 3D02746523BF25A10074FF92 /* AppDelegate.swift */; };
		3D02746823BF25A10074FF92 /* SceneDelegate.swift in Sources */ = {isa = PBXBuildFile; fileRef = 3D02746723BF25A10074FF92 /* SceneDelegate.swift */; };
		3D02746A23BF25A10074FF92 /* ContentView.swift in Sources */ = {isa = PBXBuildFile; fileRef = 3D02746923BF25A10074FF92 /* ContentView.swift */; };
		3D02746C23BF25A20074FF92 /* Assets.xcassets in Resources */ = {isa = PBXBuildFile; fileRef = 3D02746B23BF25A20074FF92 /* Assets.xcassets */; };
		3D02746F23BF25A20074FF92 /* Preview Assets.xcassets in Resources */ = {isa = PBXBuildFile; fileRef = 3D02746E23BF25A20074FF92 /* Preview Assets.xcassets */; };
		3D02747223BF25A20074FF92 /* LaunchScreen.storyboard in Resources */ = {isa = PBXBuildFile; fileRef = 3D02747023BF25A20074FF92 /* LaunchScreen.storyboard */; };
/* End PBXBuildFile section */

/* Begin PBXFileReference section */
		3D02746223BF25A10074FF92 /* FrienfLancer.app */ = {isa = PBXFileReference; explicitFileType = wrapper.application; includeInIndex = 0; path = FrienfLancer.app; sourceTree = BUILT_PRODUCTS_DIR; };
		3D02746523BF25A10074FF92 /* AppDelegate.swift */ = {isa = PBXFileReference; lastKnownFileType = sourcecode.swift; path = AppDelegate.swift; sourceTree = "<group>"; };
		3D02746723BF25A10074FF92 /* SceneDelegate.swift */ = {isa = PBXFileReference; lastKnownFileType = sourcecode.swift; path = SceneDelegate.swift; sourceTree = "<group>"; };
		3D02746923BF25A10074FF92 /* ContentView.swift */ = {isa = PBXFileReference; lastKnownFileType = sourcecode.swift; path = ContentView.swift; sourceTree = "<group>"; };
		3D02746B23BF25A20074FF92 /* Assets.xcassets */ = {isa = PBXFileReference; lastKnownFileType = folder.assetcatalog; path = Assets.xcassets; sourceTree = "<group>"; };
		3D02746E23BF25A20074FF92 /* Preview Assets.xcassets */ = {isa = PBXFileReference; lastKnownFileType = folder.assetcatalog; path = "Preview Assets.xcassets"; sourceTree = "<group>"; };
		3D02747123BF25A20074FF92 /* Base */ = {isa = PBXFileReference; lastKnownFileType = file.storyboard; name = Base; path = Base.lproj/LaunchScreen.storyboard; sourceTree = "<group>"; };
		3D02747323BF25A20074FF92 /* Info.plist */ = {isa = PBXFileReference; lastKnownFileType = text.plist.xml; path = Info.plist; sourceTree = "<group>"; };
/* End PBXFileReference section */

/* Begin PBXFrameworksBuildPhase section */
		3D02745F23BF25A10074FF92 /* Frameworks */ = {
			isa = PBXFrameworksBuildPhase;
			buildActionMask = 2147483647;
			files = (
			);
			runOnlyForDeploymentPostprocessing = 0;
		};
/* End PBXFrameworksBuildPhase section */

/* Begin PBXGroup section */
		3D02745923BF25A00074FF92 = {
			isa = PBXGroup;
			children = (
				3D02746423BF25A10074FF92 /* FrienfLancer */,
				3D02746323BF25A10074FF92 /* Products */,
			);
			sourceTree = "<group>";
		};
		3D02746323BF25A10074FF92 /* Products */ = {
			isa = PBXGroup;
			children = (
				3D02746223BF25A10074FF92 /* FrienfLancer.app */,
			);
			name = Products;
			sourceTree = "<group>";
		};
		3D02746423BF25A10074FF92 /* FrienfLancer */ = {
			isa = PBXGroup;
			children = (
				3D02746523BF25A10074FF92 /* AppDelegate.swift */,
				3D02746723BF25A10074FF92 /* SceneDelegate.swift */,
				3D02746923BF25A10074FF92 /* ContentView.swift */,
				3D02746B23BF25A20074FF92 /* Assets.xcassets */,
				3D02747023BF25A20074FF92 /* LaunchScreen.storyboard */,
				3D02747323BF25A20074FF92 /* Info.plist */,
				3D02746D23BF25A20074FF92 /* Preview Content */,
			);
			path = FrienfLancer;
			sourceTree = "<group>";
		};
		3D02746D23BF25A20074FF92 /* Preview Content */ = {
			isa = PBXGroup;
			children = (
				3D02746E23BF25A20074FF92 /* Preview Assets.xcassets */,
			);
			path = "Preview Content";
			sourceTree = "<group>";
		};
/* End PBXGroup section */

/* Begin PBXNativeTarget section */
		3D02746123BF25A10074FF92 /* FrienfLancer */ = {
			isa = PBXNativeTarget;
			buildConfigurationList = 3D02747623BF25A20074FF92 /* Build configuration list for PBXNativeTarget "FrienfLancer" */;
			buildPhases = (
				3D02745E23BF25A10074FF92 /* Sources */,
				3D02745F23BF25A10074FF92 /* Frameworks */,
				3D02746023BF25A10074FF92 /* Resources */,
			);
			buildRules = (
			);
			dependencies = (
			);
			name = FrienfLancer;
			productName = FrienfLancer;
			productReference = 3D02746223BF25A10074FF92 /* FrienfLancer.app */;
			productType = "com.apple.product-type.application";
		};
/* End PBXNativeTarget section */

/* Begin PBXProject section */
		3D02745A23BF25A00074FF92 /* Project object */ = {
			isa = PBXProject;
			attributes = {
				LastSwiftUpdateCheck = 1120;
				LastUpgradeCheck = 1120;
				ORGANIZATIONNAME = "Nitzan & Inbar";
				TargetAttributes = {
					3D02746123BF25A10074FF92 = {
						CreatedOnToolsVersion = 11.2;
					};
				};
			};
			buildConfigurationList = 3D02745D23BF25A00074FF92 /* Build configuration list for PBXProject "FrienfLancer" */;
			compatibilityVersion = "Xcode 9.3";
			developmentRegion = en;
			hasScannedForEncodings = 0;
			knownRegions = (
				en,
				Base,
			);
			mainGroup = 3D02745923BF25A00074FF92;
			productRefGroup = 3D02746323BF25A10074FF92 /* Products */;
			projectDirPath = "";
			projectRoot = "";
			targets = (
				3D02746123BF25A10074FF92 /* FrienfLancer */,
			);
		};
/* End PBXProject section */

/* Begin PBXResourcesBuildPhase section */
		3D02746023BF25A10074FF92 /* Resources */ = {
			isa = PBXResourcesBuildPhase;
			buildActionMask = 2147483647;
			files = (
				3D02747223BF25A20074FF92 /* LaunchScreen.storyboard in Resources */,
				3D02746F23BF25A20074FF92 /* Preview Assets.xcassets in Resources */,
				3D02746C23BF25A20074FF92 /* Assets.xcassets in Resources */,
			);
			runOnlyForDeploymentPostprocessing = 0;
		};
/* End PBXResourcesBuildPhase section */

/* Begin PBXSourcesBuildPhase section */
		3D02745E23BF25A10074FF92 /* Sources */ = {
			isa = PBXSourcesBuildPhase;
			buildActionMask = 2147483647;
			files = (
				3D02746623BF25A10074FF92 /* AppDelegate.swift in Sources */,
				3D02746823BF25A10074FF92 /* SceneDelegate.swift in Sources */,
				3D02746A23BF25A10074FF92 /* ContentView.swift in Sources */,
			);
			runOnlyForDeploymentPostprocessing = 0;
		};
/* End PBXSourcesBuildPhase section */

/* Begin PBXVariantGroup section */
		3D02747023BF25A20074FF92 /* LaunchScreen.storyboard */ = {
			isa = PBXVariantGroup;
			children = (
				3D02747123BF25A20074FF92 /* Base */,
			);
			name = LaunchScreen.storyboard;
			sourceTree = "<group>";
		};
/* End PBXVariantGroup section */

/* Begin XCBuildConfiguration section */
		3D02747423BF25A20074FF92 /* Debug */ = {
			isa = XCBuildConfiguration;
			buildSettings = {
				ALWAYS_SEARCH_USER_PATHS = NO;
				CLANG_ANALYZER_NONNULL = YES;
				CLANG_ANALYZER_NUMBER_OBJECT_CONVERSION = YES_AGGRESSIVE;
				CLANG_CXX_LANGUAGE_STANDARD = "gnu++14";
				CLANG_CXX_LIBRARY = "libc++";
				CLANG_ENABLE_MODULES = YES;
				CLANG_ENABLE_OBJC_ARC = YES;
				CLANG_ENABLE_OBJC_WEAK = YES;
				CLANG_WARN_BLOCK_CAPTURE_AUTORELEASING = YES;
				CLANG_WARN_BOOL_CONVERSION = YES;
				CLANG_WARN_COMMA = YES;
				CLANG_WARN_CONSTANT_CONVERSION = YES;
				CLANG_WARN_DEPRECATED_OBJC_IMPLEMENTATIONS = YES;
				CLANG_WARN_DIRECT_OBJC_ISA_USAGE = YES_ERROR;
				CLANG_WARN_DOCUMENTATION_COMMENTS = YES;
				CLANG_WARN_EMPTY_BODY = YES;
				CLANG_WARN_ENUM_CONVERSION = YES;
				CLANG_WARN_INFINITE_RECURSION = YES;
				CLANG_WARN_INT_CONVERSION = YES;
				CLANG_WARN_NON_LITERAL_NULL_CONVERSION = YES;
				CLANG_WARN_OBJC_IMPLICIT_RETAIN_SELF = YES;
				CLANG_WARN_OBJC_LITERAL_CONVERSION = YES;
				CLANG_WARN_OBJC_ROOT_CLASS = YES_ERROR;
				CLANG_WARN_RANGE_LOOP_ANALYSIS = YES;
				CLANG_WARN_STRICT_PROTOTYPES = YES;
				CLANG_WARN_SUSPICIOUS_MOVE = YES;
				CLANG_WARN_UNGUARDED_AVAILABILITY = YES_AGGRESSIVE;
				CLANG_WARN_UNREACHABLE_CODE = YES;
				CLANG_WARN__DUPLICATE_METHOD_MATCH = YES;
				COPY_PHASE_STRIP = NO;
				DEBUG_INFORMATION_FORMAT = dwarf;
				ENABLE_STRICT_OBJC_MSGSEND = YES;
				ENABLE_TESTABILITY = YES;
				GCC_C_LANGUAGE_STANDARD = gnu11;
				GCC_DYNAMIC_NO_PIC = NO;
				GCC_NO_COMMON_BLOCKS = YES;
				GCC_OPTIMIZATION_LEVEL = 0;
				GCC_PREPROCESSOR_DEFINITIONS = (
					"DEBUG=1",
					"$(inherited)",
				);
				GCC_WARN_64_TO_32_BIT_CONVERSION = YES;
				GCC_WARN_ABOUT_RETURN_TYPE = YES_ERROR;
				GCC_WARN_UNDECLARED_SELECTOR = YES;
				GCC_WARN_UNINITIALIZED_AUTOS = YES_AGGRESSIVE;
				GCC_WARN_UNUSED_FUNCTION = YES;
				GCC_WARN_UNUSED_VARIABLE = YES;
				IPHONEOS_DEPLOYMENT_TARGET = 13.2;
				MTL_ENABLE_DEBUG_INFO = INCLUDE_SOURCE;
				MTL_FAST_MATH = YES;
				ONLY_ACTIVE_ARCH = YES;
				SDKROOT = iphoneos;
				SWIFT_ACTIVE_COMPILATION_CONDITIONS = DEBUG;
				SWIFT_OPTIMIZATION_LEVEL = "-Onone";
			};
			name = Debug;
		};
		3D02747523BF25A20074FF92 /* Release */ = {
			isa = XCBuildConfiguration;
			buildSettings = {
				ALWAYS_SEARCH_USER_PATHS = NO;
				CLANG_ANALYZER_NONNULL = YES;
				CLANG_ANALYZER_NUMBER_OBJECT_CONVERSION = YES_AGGRESSIVE;
				CLANG_CXX_LANGUAGE_STANDARD = "gnu++14";
				CLANG_CXX_LIBRARY = "libc++";
				CLANG_ENABLE_MODULES = YES;
				CLANG_ENABLE_OBJC_ARC = YES;
				CLANG_ENABLE_OBJC_WEAK = YES;
				CLANG_WARN_BLOCK_CAPTURE_AUTORELEASING = YES;
				CLANG_WARN_BOOL_CONVERSION = YES;
				CLANG_WARN_COMMA = YES;
				CLANG_WARN_CONSTANT_CONVERSION = YES;
				CLANG_WARN_DEPRECATED_OBJC_IMPLEMENTATIONS = YES;
				CLANG_WARN_DIRECT_OBJC_ISA_USAGE = YES_ERROR;
				CLANG_WARN_DOCUMENTATION_COMMENTS = YES;
				CLANG_WARN_EMPTY_BODY = YES;
				CLANG_WARN_ENUM_CONVERSION = YES;
				CLANG_WARN_INFINITE_RECURSION = YES;
				CLANG_WARN_INT_CONVERSION = YES;
				CLANG_WARN_NON_LITERAL_NULL_CONVERSION = YES;
				CLANG_WARN_OBJC_IMPLICIT_RETAIN_SELF = YES;
				CLANG_WARN_OBJC_LITERAL_CONVERSION = YES;
				CLANG_WARN_OBJC_ROOT_CLASS = YES_ERROR;
				CLANG_WARN_RANGE_LOOP_ANALYSIS = YES;
				CLANG_WARN_STRICT_PROTOTYPES = YES;
				CLANG_WARN_SUSPICIOUS_MOVE = YES;
				CLANG_WARN_UNGUARDED_AVAILABILITY = YES_AGGRESSIVE;
				CLANG_WARN_UNREACHABLE_CODE = YES;
				CLANG_WARN__DUPLICATE_METHOD_MATCH = YES;
				COPY_PHASE_STRIP = NO;
				DEBUG_INFORMATION_FORMAT = "dwarf-with-dsym";
				ENABLE_NS_ASSERTIONS = NO;
				ENABLE_STRICT_OBJC_MSGSEND = YES;
				GCC_C_LANGUAGE_STANDARD = gnu11;
				GCC_NO_COMMON_BLOCKS = YES;
				GCC_WARN_64_TO_32_BIT_CONVERSION = YES;
				GCC_WARN_ABOUT_RETURN_TYPE = YES_ERROR;
				GCC_WARN_UNDECLARED_SELECTOR = YES;
				GCC_WARN_UNINITIALIZED_AUTOS = YES_AGGRESSIVE;
				GCC_WARN_UNUSED_FUNCTION = YES;
				GCC_WARN_UNUSED_VARIABLE = YES;
				IPHONEOS_DEPLOYMENT_TARGET = 13.2;
				MTL_ENABLE_DEBUG_INFO = NO;
				MTL_FAST_MATH = YES;
				SDKROOT = iphoneos;
				SWIFT_COMPILATION_MODE = wholemodule;
				SWIFT_OPTIMIZATION_LEVEL = "-O";
				VALIDATE_PRODUCT = YES;
			};
			name = Release;
		};
		3D02747723BF25A20074FF92 /* Debug */ = {
			isa = XCBuildConfiguration;
			buildSettings = {
				ASSETCATALOG_COMPILER_APPICON_NAME = AppIcon;
				CODE_SIGN_STYLE = Automatic;
				DEVELOPMENT_ASSET_PATHS = "\"FrienfLancer/Preview Content\"";
				ENABLE_PREVIEWS = YES;
				INFOPLIST_FILE = FrienfLancer/Info.plist;
				LD_RUNPATH_SEARCH_PATHS = (
					"$(inherited)",
					"@executable_path/Frameworks",
				);
				PRODUCT_BUNDLE_IDENTIFIER = "Nitzan-Inbar.FrienfLancer";
				PRODUCT_NAME = "$(TARGET_NAME)";
				SWIFT_VERSION = 5.0;
				TARGETED_DEVICE_FAMILY = "1,2";
			};
			name = Debug;
		};
		3D02747823BF25A20074FF92 /* Release */ = {
			isa = XCBuildConfiguration;
			buildSettings = {
				ASSETCATALOG_COMPILER_APPICON_NAME = AppIcon;
				CODE_SIGN_STYLE = Automatic;
				DEVELOPMENT_ASSET_PATHS = "\"FrienfLancer/Preview Content\"";
				ENABLE_PREVIEWS = YES;
				INFOPLIST_FILE = FrienfLancer/Info.plist;
				LD_RUNPATH_SEARCH_PATHS = (
					"$(inherited)",
					"@executable_path/Frameworks",
				);
				PRODUCT_BUNDLE_IDENTIFIER = "Nitzan-Inbar.FrienfLancer";
				PRODUCT_NAME = "$(TARGET_NAME)";
				SWIFT_VERSION = 5.0;
				TARGETED_DEVICE_FAMILY = "1,2";
			};
			name = Release;
		};
/* End XCBuildConfiguration section */

/* Begin XCConfigurationList section */
		3D02745D23BF25A00074FF92 /* Build configuration list for PBXProject "FrienfLancer" */ = {
			isa = XCConfigurationList;
			buildConfigurations = (
				3D02747423BF25A20074FF92 /* Debug */,
				3D02747523BF25A20074FF92 /* Release */,
			);
			defaultConfigurationIsVisible = 0;
			defaultConfigurationName = Release;
		};
		3D02747623BF25A20074FF92 /* Build configuration list for PBXNativeTarget "FrienfLancer" */ = {
			isa = XCConfigurationList;
			buildConfigurations = (
				3D02747723BF25A20074FF92 /* Debug */,
				3D02747823BF25A20074FF92 /* Release */,
			);
			defaultConfigurationIsVisible = 0;
			defaultConfigurationName = Release;
		};
/* End XCConfigurationList section */
	};
	rootObject = 3D02745A23BF25A00074FF92 /* Project object */;
}
